
Microsoft Visual Studio Solution File, Format Version 12.00
# Visual Studio Version 16
VisualStudioVersion = 16.0.30907.101
MinimumVisualStudioVersion = 10.0.40219.1
Project("{FAE04EC0-301F-11D3-BF4B-00C04F79EFBC}") = "Lab2", "Lab2\Lab2.csproj", "{4B3D9DD8-7DC3-4349-AB1A-CFB6047DA6F8}"
EndProject
Global
	GlobalSection(SolutionConfigurationPlatforms) = preSolution
		Debug|Any CPU = Debug|Any CPU
		Release|Any CPU = Release|Any CPU
	EndGlobalSection
	GlobalSection(ProjectConfigurationPlatforms) = postSolution
		{4B3D9DD8-7DC3-4349-AB1A-CFB6047DA6F8}.Debug|Any CPU.ActiveCfg = Debug|Any CPU
		{4B3D9DD8-7DC3-4349-AB1A-CFB6047DA6F8}.Debug|Any CPU.Build.0 = Debug|Any CPU
		{4B3D9DD8-7DC3-4349-AB1A-CFB6047DA6F8}.Release|Any CPU.ActiveCfg = Release|Any CPU
		{4B3D9DD8-7DC3-4349-AB1A-CFB6047DA6F8}.Release|Any CPU.Build.0 = Release|Any CPU
	EndGlobalSection
	GlobalSection(SolutionProperties) = preSolution
		HideSolutionNode = FALSE
	EndGlobalSection
	GlobalSection(ExtensibilityGlobals) = postSolution
		SolutionGuid = {4D020C72-5FDE-4483-A2D6-049CC8A26D6A}
	EndGlobalSection
EndGlobal
